
Microsoft Visual Studio Solution File, Format Version 12.00
# Visual Studio Version 16
VisualStudioVersion = 16.0.30204.135
MinimumVisualStudioVersion = 10.0.40219.1
Project("{9A19103F-16F7-4668-BE54-9A1E7A4F7556}") = "WarQuest.WinFormMVC", "WarQuest.WinFormMVC\WarQuest.WinFormMVC.csproj", "{5182F161-5999-4A5E-8AD5-EC4977F47383}"
EndProject
Project("{FAE04EC0-301F-11D3-BF4B-00C04F79EFBC}") = "WarQuest.Tests", "WarQuest.Tests\WarQuest.Tests.csproj", "{40A0CE5F-2CA7-4697-8D3E-FBB6DE52B80E}"
EndProject
Global
	GlobalSection(SolutionConfigurationPlatforms) = preSolution
		Debug|Any CPU = Debug|Any CPU
		Release|Any CPU = Release|Any CPU
	EndGlobalSection
	GlobalSection(ProjectConfigurationPlatforms) = postSolution
		{5182F161-5999-4A5E-8AD5-EC4977F47383}.Debug|Any CPU.ActiveCfg = Debug|Any CPU
		{5182F161-5999-4A5E-8AD5-EC4977F47383}.Debug|Any CPU.Build.0 = Debug|Any CPU
		{5182F161-5999-4A5E-8AD5-EC4977F47383}.Release|Any CPU.ActiveCfg = Release|Any CPU
		{5182F161-5999-4A5E-8AD5-EC4977F47383}.Release|Any CPU.Build.0 = Release|Any CPU
		{40A0CE5F-2CA7-4697-8D3E-FBB6DE52B80E}.Debug|Any CPU.ActiveCfg = Debug|Any CPU
		{40A0CE5F-2CA7-4697-8D3E-FBB6DE52B80E}.Debug|Any CPU.Build.0 = Debug|Any CPU
		{40A0CE5F-2CA7-4697-8D3E-FBB6DE52B80E}.Release|Any CPU.ActiveCfg = Release|Any CPU
		{40A0CE5F-2CA7-4697-8D3E-FBB6DE52B80E}.Release|Any CPU.Build.0 = Release|Any CPU
	EndGlobalSection
	GlobalSection(SolutionProperties) = preSolution
		HideSolutionNode = FALSE
	EndGlobalSection
	GlobalSection(ExtensibilityGlobals) = postSolution
		SolutionGuid = {E8CF1FE6-0493-4D5F-AADC-04AE05A245E3}
	EndGlobalSection
EndGlobal
